
Microsoft Visual Studio Solution File, Format Version 12.00
# Visual Studio Version 17
VisualStudioVersion = 17.2.32526.322
MinimumVisualStudioVersion = 10.0.40219.1
Project("{FAE04EC0-301F-11D3-BF4B-00C04F79EFBC}") = "ProjetoAula05", "ProjetoAula05\ProjetoAula05.csproj", "{6124EACD-44E2-423E-9546-4AEDC5C39880}"
EndProject
Global
	GlobalSection(SolutionConfigurationPlatforms) = preSolution
		Debug|Any CPU = Debug|Any CPU
		Release|Any CPU = Release|Any CPU
	EndGlobalSection
	GlobalSection(ProjectConfigurationPlatforms) = postSolution
		{6124EACD-44E2-423E-9546-4AEDC5C39880}.Debug|Any CPU.ActiveCfg = Debug|Any CPU
		{6124EACD-44E2-423E-9546-4AEDC5C39880}.Debug|Any CPU.Build.0 = Debug|Any CPU
		{6124EACD-44E2-423E-9546-4AEDC5C39880}.Release|Any CPU.ActiveCfg = Release|Any CPU
		{6124EACD-44E2-423E-9546-4AEDC5C39880}.Release|Any CPU.Build.0 = Release|Any CPU
	EndGlobalSection
	GlobalSection(SolutionProperties) = preSolution
		HideSolutionNode = FALSE
	EndGlobalSection
	GlobalSection(ExtensibilityGlobals) = postSolution
		SolutionGuid = {39F908E8-2174-406D-90F7-D2F53B346ECD}
	EndGlobalSection
EndGlobal
